
Microsoft Visual Studio Solution File, Format Version 12.00
# Visual Studio Version 16
VisualStudioVersion = 16.0.31205.134
MinimumVisualStudioVersion = 10.0.40219.1
Project("{FAE04EC0-301F-11D3-BF4B-00C04F79EFBC}") = "LojadeCarros(Gui)", "LojadeCarros(Gui)\LojadeCarros(Gui).csproj", "{690B0FAC-3D82-41D6-8F8E-159808C212A2}"
EndProject
Global
	GlobalSection(SolutionConfigurationPlatforms) = preSolution
		Debug|Any CPU = Debug|Any CPU
		Release|Any CPU = Release|Any CPU
	EndGlobalSection
	GlobalSection(ProjectConfigurationPlatforms) = postSolution
		{690B0FAC-3D82-41D6-8F8E-159808C212A2}.Debug|Any CPU.ActiveCfg = Debug|Any CPU
		{690B0FAC-3D82-41D6-8F8E-159808C212A2}.Debug|Any CPU.Build.0 = Debug|Any CPU
		{690B0FAC-3D82-41D6-8F8E-159808C212A2}.Release|Any CPU.ActiveCfg = Release|Any CPU
		{690B0FAC-3D82-41D6-8F8E-159808C212A2}.Release|Any CPU.Build.0 = Release|Any CPU
	EndGlobalSection
	GlobalSection(SolutionProperties) = preSolution
		HideSolutionNode = FALSE
	EndGlobalSection
	GlobalSection(ExtensibilityGlobals) = postSolution
		SolutionGuid = {F275C551-AB74-4116-86D2-A971606CE195}
	EndGlobalSection
EndGlobal
